
Microsoft Visual Studio Solution File, Format Version 12.00
# Visual Studio Version 16
VisualStudioVersion = 16.0.29806.167
MinimumVisualStudioVersion = 10.0.40219.1
Project("{2150E333-8FDC-42A3-9474-1A3956D46DE8}") = "1_Entities", "1_Entities", "{7F8D74BC-CF3F-4F2F-90D7-BBC78C77A798}"
EndProject
Project("{2150E333-8FDC-42A3-9474-1A3956D46DE8}") = "2_Services", "2_Services", "{012D4A83-33B4-4B4F-B04E-40F0405CAAC6}"
EndProject
Project("{2150E333-8FDC-42A3-9474-1A3956D46DE8}") = "4_Models", "4_Models", "{AF7EA243-8948-42A8-A7C4-66713DEF6D81}"
EndProject
Project("{2150E333-8FDC-42A3-9474-1A3956D46DE8}") = "5_WebApi", "5_WebApi", "{805ACCB0-4148-4D6F-826F-7E8AFE5F6724}"
EndProject
Project("{2150E333-8FDC-42A3-9474-1A3956D46DE8}") = "6_Helpers", "6_Helpers", "{93CA8232-7166-4AE7-B055-55CE08B2307B}"
EndProject
Project("{2150E333-8FDC-42A3-9474-1A3956D46DE8}") = "7_Component", "7_Component", "{D0F0BF09-8BE8-4E24-8A4F-F85CC0A0FF92}"
EndProject
Project("{2150E333-8FDC-42A3-9474-1A3956D46DE8}") = "8_Config", "8_Config", "{ED0BEBEA-2C74-47D6-BB33-40551FAE3B33}"
EndProject
Project("{9A19103F-16F7-4668-BE54-9A1E7A4F7556}") = "Station.WebApi", "Station.WebApi\Station.WebApi.csproj", "{65C32B44-DA8D-4630-8BBF-5018CCB4CF46}"
EndProject
Project("{2150E333-8FDC-42A3-9474-1A3956D46DE8}") = "9_Common", "9_Common", "{0B90B733-E298-4E53-AA6D-0AB1E4F9488F}"
EndProject
Project("{9A19103F-16F7-4668-BE54-9A1E7A4F7556}") = "Station.Common", "Station.Common\Station.Common.csproj", "{ADB7BF66-DE71-4D82-B526-00E7FA912ABB}"
EndProject
Project("{9A19103F-16F7-4668-BE54-9A1E7A4F7556}") = "Station.Entity", "Station.Entity\Station.Entity.csproj", "{054482AF-991E-4118-92F3-F13C12846B25}"
EndProject
Project("{9A19103F-16F7-4668-BE54-9A1E7A4F7556}") = "Station.Repository", "Station.Repository\Station.Repository.csproj", "{5BFA7591-8866-4EEB-9F5A-590DC4886B8D}"
EndProject
Project("{9A19103F-16F7-4668-BE54-9A1E7A4F7556}") = "Station.Aop", "Station.Aop\Station.Aop.csproj", "{FDD36DCF-1F30-4649-9942-BA4004B9C112}"
EndProject
Project("{9A19103F-16F7-4668-BE54-9A1E7A4F7556}") = "Station.Models", "Station.Models\Station.Models.csproj", "{EED21664-1427-4E3F-9A7B-211CE05CDD1C}"
EndProject
Project("{9A19103F-16F7-4668-BE54-9A1E7A4F7556}") = "Station.Helper", "Station.Helper\Station.Helper.csproj", "{A382D292-8982-4B7F-8594-407741FF43CF}"
EndProject
Project("{9A19103F-16F7-4668-BE54-9A1E7A4F7556}") = "Station.WcfAdapter", "Station.WcfAdapter\Station.WcfAdapter.csproj", "{85F659CC-0F2F-4EFF-967F-CECB48686370}"
EndProject
Project("{9A19103F-16F7-4668-BE54-9A1E7A4F7556}") = "Station.NLog", "Station.NLog\Station.NLog.csproj", "{AFEE80C8-1C60-4462-B54D-3C4A36EB5CA8}"
EndProject
Project("{2150E333-8FDC-42A3-9474-1A3956D46DE8}") = "0_Data", "0_Data", "{DED55B82-C3ED-40DE-8448-6CD41D3D5996}"
EndProject
Project("{FAE04EC0-301F-11D3-BF4B-00C04F79EFBC}") = "Station.EFCore", "Station.EFCore\Station.EFCore.csproj", "{5DB822D0-215F-46F8-A801-7ED2D0845D97}"
EndProject
Global
	GlobalSection(SolutionConfigurationPlatforms) = preSolution
		Debug|Any CPU = Debug|Any CPU
		Release|Any CPU = Release|Any CPU
	EndGlobalSection
	GlobalSection(ProjectConfigurationPlatforms) = postSolution
		{65C32B44-DA8D-4630-8BBF-5018CCB4CF46}.Debug|Any CPU.ActiveCfg = Debug|Any CPU
		{65C32B44-DA8D-4630-8BBF-5018CCB4CF46}.Debug|Any CPU.Build.0 = Debug|Any CPU
		{65C32B44-DA8D-4630-8BBF-5018CCB4CF46}.Release|Any CPU.ActiveCfg = Release|Any CPU
		{65C32B44-DA8D-4630-8BBF-5018CCB4CF46}.Release|Any CPU.Build.0 = Release|Any CPU
		{ADB7BF66-DE71-4D82-B526-00E7FA912ABB}.Debug|Any CPU.ActiveCfg = Debug|Any CPU
		{ADB7BF66-DE71-4D82-B526-00E7FA912ABB}.Debug|Any CPU.Build.0 = Debug|Any CPU
		{ADB7BF66-DE71-4D82-B526-00E7FA912ABB}.Release|Any CPU.ActiveCfg = Release|Any CPU
		{ADB7BF66-DE71-4D82-B526-00E7FA912ABB}.Release|Any CPU.Build.0 = Release|Any CPU
		{054482AF-991E-4118-92F3-F13C12846B25}.Debug|Any CPU.ActiveCfg = Debug|Any CPU
		{054482AF-991E-4118-92F3-F13C12846B25}.Debug|Any CPU.Build.0 = Debug|Any CPU
		{054482AF-991E-4118-92F3-F13C12846B25}.Release|Any CPU.ActiveCfg = Release|Any CPU
		{054482AF-991E-4118-92F3-F13C12846B25}.Release|Any CPU.Build.0 = Release|Any CPU
		{5BFA7591-8866-4EEB-9F5A-590DC4886B8D}.Debug|Any CPU.ActiveCfg = Debug|Any CPU
		{5BFA7591-8866-4EEB-9F5A-590DC4886B8D}.Debug|Any CPU.Build.0 = Debug|Any CPU
		{5BFA7591-8866-4EEB-9F5A-590DC4886B8D}.Release|Any CPU.ActiveCfg = Release|Any CPU
		{5BFA7591-8866-4EEB-9F5A-590DC4886B8D}.Release|Any CPU.Build.0 = Release|Any CPU
		{FDD36DCF-1F30-4649-9942-BA4004B9C112}.Debug|Any CPU.ActiveCfg = Debug|Any CPU
		{FDD36DCF-1F30-4649-9942-BA4004B9C112}.Debug|Any CPU.Build.0 = Debug|Any CPU
		{FDD36DCF-1F30-4649-9942-BA4004B9C112}.Release|Any CPU.ActiveCfg = Release|Any CPU
		{FDD36DCF-1F30-4649-9942-BA4004B9C112}.Release|Any CPU.Build.0 = Release|Any CPU
		{EED21664-1427-4E3F-9A7B-211CE05CDD1C}.Debug|Any CPU.ActiveCfg = Debug|Any CPU
		{EED21664-1427-4E3F-9A7B-211CE05CDD1C}.Debug|Any CPU.Build.0 = Debug|Any CPU
		{EED21664-1427-4E3F-9A7B-211CE05CDD1C}.Release|Any CPU.ActiveCfg = Release|Any CPU
		{EED21664-1427-4E3F-9A7B-211CE05CDD1C}.Release|Any CPU.Build.0 = Release|Any CPU
		{A382D292-8982-4B7F-8594-407741FF43CF}.Debug|Any CPU.ActiveCfg = Debug|Any CPU
		{A382D292-8982-4B7F-8594-407741FF43CF}.Debug|Any CPU.Build.0 = Debug|Any CPU
		{A382D292-8982-4B7F-8594-407741FF43CF}.Release|Any CPU.ActiveCfg = Release|Any CPU
		{A382D292-8982-4B7F-8594-407741FF43CF}.Release|Any CPU.Build.0 = Release|Any CPU
		{85F659CC-0F2F-4EFF-967F-CECB48686370}.Debug|Any CPU.ActiveCfg = Debug|Any CPU
		{85F659CC-0F2F-4EFF-967F-CECB48686370}.Debug|Any CPU.Build.0 = Debug|Any CPU
		{85F659CC-0F2F-4EFF-967F-CECB48686370}.Release|Any CPU.ActiveCfg = Release|Any CPU
		{85F659CC-0F2F-4EFF-967F-CECB48686370}.Release|Any CPU.Build.0 = Release|Any CPU
		{AFEE80C8-1C60-4462-B54D-3C4A36EB5CA8}.Debug|Any CPU.ActiveCfg = Debug|Any CPU
		{AFEE80C8-1C60-4462-B54D-3C4A36EB5CA8}.Debug|Any CPU.Build.0 = Debug|Any CPU
		{AFEE80C8-1C60-4462-B54D-3C4A36EB5CA8}.Release|Any CPU.ActiveCfg = Release|Any CPU
		{AFEE80C8-1C60-4462-B54D-3C4A36EB5CA8}.Release|Any CPU.Build.0 = Release|Any CPU
		{5DB822D0-215F-46F8-A801-7ED2D0845D97}.Debug|Any CPU.ActiveCfg = Debug|Any CPU
		{5DB822D0-215F-46F8-A801-7ED2D0845D97}.Debug|Any CPU.Build.0 = Debug|Any CPU
		{5DB822D0-215F-46F8-A801-7ED2D0845D97}.Release|Any CPU.ActiveCfg = Release|Any CPU
		{5DB822D0-215F-46F8-A801-7ED2D0845D97}.Release|Any CPU.Build.0 = Release|Any CPU
	EndGlobalSection
	GlobalSection(SolutionProperties) = preSolution
		HideSolutionNode = FALSE
	EndGlobalSection
	GlobalSection(NestedProjects) = preSolution
		{65C32B44-DA8D-4630-8BBF-5018CCB4CF46} = {805ACCB0-4148-4D6F-826F-7E8AFE5F6724}
		{ADB7BF66-DE71-4D82-B526-00E7FA912ABB} = {0B90B733-E298-4E53-AA6D-0AB1E4F9488F}
		{054482AF-991E-4118-92F3-F13C12846B25} = {7F8D74BC-CF3F-4F2F-90D7-BBC78C77A798}
		{5BFA7591-8866-4EEB-9F5A-590DC4886B8D} = {012D4A83-33B4-4B4F-B04E-40F0405CAAC6}
		{FDD36DCF-1F30-4649-9942-BA4004B9C112} = {D0F0BF09-8BE8-4E24-8A4F-F85CC0A0FF92}
		{EED21664-1427-4E3F-9A7B-211CE05CDD1C} = {AF7EA243-8948-42A8-A7C4-66713DEF6D81}
		{A382D292-8982-4B7F-8594-407741FF43CF} = {93CA8232-7166-4AE7-B055-55CE08B2307B}
		{85F659CC-0F2F-4EFF-967F-CECB48686370} = {D0F0BF09-8BE8-4E24-8A4F-F85CC0A0FF92}
		{AFEE80C8-1C60-4462-B54D-3C4A36EB5CA8} = {D0F0BF09-8BE8-4E24-8A4F-F85CC0A0FF92}
		{5DB822D0-215F-46F8-A801-7ED2D0845D97} = {DED55B82-C3ED-40DE-8448-6CD41D3D5996}
	EndGlobalSection
	GlobalSection(ExtensibilityGlobals) = postSolution
		SolutionGuid = {55516F3E-E7ED-4C88-8D51-FF73F4D89B07}
	EndGlobalSection
EndGlobal
