
Microsoft Visual Studio Solution File, Format Version 12.00
# Visual Studio Version 16
VisualStudioVersion = 16.0.29806.167
MinimumVisualStudioVersion = 10.0.40219.1
Project("{2150E333-8FDC-42A3-9474-1A3956D46DE8}") = "1_Entities", "1_Entities", "{7F8D74BC-CF3F-4F2F-90D7-BBC78C77A798}"
EndProject
Project("{2150E333-8FDC-42A3-9474-1A3956D46DE8}") = "2_Repositories", "2_Repositories", "{012D4A83-33B4-4B4F-B04E-40F0405CAAC6}"
EndProject
Project("{2150E333-8FDC-42A3-9474-1A3956D46DE8}") = "3_Businesses", "3_Businesses", "{D320E686-C86C-4303-B9F4-0F75B385F34D}"
EndProject
Project("{2150E333-8FDC-42A3-9474-1A3956D46DE8}") = "4_Models", "4_Models", "{AF7EA243-8948-42A8-A7C4-66713DEF6D81}"
EndProject
Project("{2150E333-8FDC-42A3-9474-1A3956D46DE8}") = "5_WebApi", "5_WebApi", "{805ACCB0-4148-4D6F-826F-7E8AFE5F6724}"
EndProject
Project("{2150E333-8FDC-42A3-9474-1A3956D46DE8}") = "6_Helpers", "6_Helpers", "{93CA8232-7166-4AE7-B055-55CE08B2307B}"
EndProject
Project("{2150E333-8FDC-42A3-9474-1A3956D46DE8}") = "7_Component", "7_Component", "{D0F0BF09-8BE8-4E24-8A4F-F85CC0A0FF92}"
EndProject
Project("{2150E333-8FDC-42A3-9474-1A3956D46DE8}") = "8_Config", "8_Config", "{ED0BEBEA-2C74-47D6-BB33-40551FAE3B33}"
EndProject
Project("{9A19103F-16F7-4668-BE54-9A1E7A4F7556}") = "Station.WebApi", "Station.WebApi\Station.WebApi.csproj", "{65C32B44-DA8D-4630-8BBF-5018CCB4CF46}"
EndProject
Project("{2150E333-8FDC-42A3-9474-1A3956D46DE8}") = "9_Common", "9_Common", "{0B90B733-E298-4E53-AA6D-0AB1E4F9488F}"
EndProject
Project("{9A19103F-16F7-4668-BE54-9A1E7A4F7556}") = "Station.Common", "Station.Common\Station.Common.csproj", "{ADB7BF66-DE71-4D82-B526-00E7FA912ABB}"
EndProject
Project("{9A19103F-16F7-4668-BE54-9A1E7A4F7556}") = "Station.Entity", "Station.Entity\Station.Entity.csproj", "{054482AF-991E-4118-92F3-F13C12846B25}"
EndProject
Project("{9A19103F-16F7-4668-BE54-9A1E7A4F7556}") = "Station.Repository", "Station.Repository\Station.Repository.csproj", "{5BFA7591-8866-4EEB-9F5A-590DC4886B8D}"
EndProject
Project("{9A19103F-16F7-4668-BE54-9A1E7A4F7556}") = "Station.Business", "Station.Business\Station.Business.csproj", "{0594BC53-9166-4A67-A769-CAA351DD28A4}"
EndProject
Project("{FAE04EC0-301F-11D3-BF4B-00C04F79EFBC}") = "Station.Aop", "Station.Aop\Station.Aop.csproj", "{FDD36DCF-1F30-4649-9942-BA4004B9C112}"
EndProject
Global
	GlobalSection(SolutionConfigurationPlatforms) = preSolution
		Debug|Any CPU = Debug|Any CPU
		Release|Any CPU = Release|Any CPU
	EndGlobalSection
	GlobalSection(ProjectConfigurationPlatforms) = postSolution
		{65C32B44-DA8D-4630-8BBF-5018CCB4CF46}.Debug|Any CPU.ActiveCfg = Debug|Any CPU
		{65C32B44-DA8D-4630-8BBF-5018CCB4CF46}.Debug|Any CPU.Build.0 = Debug|Any CPU
		{65C32B44-DA8D-4630-8BBF-5018CCB4CF46}.Release|Any CPU.ActiveCfg = Release|Any CPU
		{65C32B44-DA8D-4630-8BBF-5018CCB4CF46}.Release|Any CPU.Build.0 = Release|Any CPU
		{ADB7BF66-DE71-4D82-B526-00E7FA912ABB}.Debug|Any CPU.ActiveCfg = Debug|Any CPU
		{ADB7BF66-DE71-4D82-B526-00E7FA912ABB}.Debug|Any CPU.Build.0 = Debug|Any CPU
		{ADB7BF66-DE71-4D82-B526-00E7FA912ABB}.Release|Any CPU.ActiveCfg = Release|Any CPU
		{ADB7BF66-DE71-4D82-B526-00E7FA912ABB}.Release|Any CPU.Build.0 = Release|Any CPU
		{054482AF-991E-4118-92F3-F13C12846B25}.Debug|Any CPU.ActiveCfg = Debug|Any CPU
		{054482AF-991E-4118-92F3-F13C12846B25}.Debug|Any CPU.Build.0 = Debug|Any CPU
		{054482AF-991E-4118-92F3-F13C12846B25}.Release|Any CPU.ActiveCfg = Release|Any CPU
		{054482AF-991E-4118-92F3-F13C12846B25}.Release|Any CPU.Build.0 = Release|Any CPU
		{5BFA7591-8866-4EEB-9F5A-590DC4886B8D}.Debug|Any CPU.ActiveCfg = Debug|Any CPU
		{5BFA7591-8866-4EEB-9F5A-590DC4886B8D}.Debug|Any CPU.Build.0 = Debug|Any CPU
		{5BFA7591-8866-4EEB-9F5A-590DC4886B8D}.Release|Any CPU.ActiveCfg = Release|Any CPU
		{5BFA7591-8866-4EEB-9F5A-590DC4886B8D}.Release|Any CPU.Build.0 = Release|Any CPU
		{0594BC53-9166-4A67-A769-CAA351DD28A4}.Debug|Any CPU.ActiveCfg = Debug|Any CPU
		{0594BC53-9166-4A67-A769-CAA351DD28A4}.Debug|Any CPU.Build.0 = Debug|Any CPU
		{0594BC53-9166-4A67-A769-CAA351DD28A4}.Release|Any CPU.ActiveCfg = Release|Any CPU
		{0594BC53-9166-4A67-A769-CAA351DD28A4}.Release|Any CPU.Build.0 = Release|Any CPU
		{FDD36DCF-1F30-4649-9942-BA4004B9C112}.Debug|Any CPU.ActiveCfg = Debug|Any CPU
		{FDD36DCF-1F30-4649-9942-BA4004B9C112}.Debug|Any CPU.Build.0 = Debug|Any CPU
		{FDD36DCF-1F30-4649-9942-BA4004B9C112}.Release|Any CPU.ActiveCfg = Release|Any CPU
		{FDD36DCF-1F30-4649-9942-BA4004B9C112}.Release|Any CPU.Build.0 = Release|Any CPU
	EndGlobalSection
	GlobalSection(SolutionProperties) = preSolution
		HideSolutionNode = FALSE
	EndGlobalSection
	GlobalSection(NestedProjects) = preSolution
		{65C32B44-DA8D-4630-8BBF-5018CCB4CF46} = {805ACCB0-4148-4D6F-826F-7E8AFE5F6724}
		{ADB7BF66-DE71-4D82-B526-00E7FA912ABB} = {0B90B733-E298-4E53-AA6D-0AB1E4F9488F}
		{054482AF-991E-4118-92F3-F13C12846B25} = {7F8D74BC-CF3F-4F2F-90D7-BBC78C77A798}
		{5BFA7591-8866-4EEB-9F5A-590DC4886B8D} = {012D4A83-33B4-4B4F-B04E-40F0405CAAC6}
		{0594BC53-9166-4A67-A769-CAA351DD28A4} = {D320E686-C86C-4303-B9F4-0F75B385F34D}
		{FDD36DCF-1F30-4649-9942-BA4004B9C112} = {D0F0BF09-8BE8-4E24-8A4F-F85CC0A0FF92}
	EndGlobalSection
	GlobalSection(ExtensibilityGlobals) = postSolution
		SolutionGuid = {55516F3E-E7ED-4C88-8D51-FF73F4D89B07}
	EndGlobalSection
EndGlobal
